
Microsoft Visual Studio Solution File, Format Version 12.00
# Visual Studio 15
VisualStudioVersion = 15.0.28307.1259
MinimumVisualStudioVersion = 10.0.40219.1
Project("{FAE04EC0-301F-11D3-BF4B-00C04F79EFBC}") = "TPRLab_4", "TPRLab_4\TPRLab_4.csproj", "{34F12A84-E88E-447B-8EBD-B9512ABDB581}"
EndProject
Global
	GlobalSection(SolutionConfigurationPlatforms) = preSolution
		Debug|Any CPU = Debug|Any CPU
		Release|Any CPU = Release|Any CPU
	EndGlobalSection
	GlobalSection(ProjectConfigurationPlatforms) = postSolution
		{34F12A84-E88E-447B-8EBD-B9512ABDB581}.Debug|Any CPU.ActiveCfg = Debug|Any CPU
		{34F12A84-E88E-447B-8EBD-B9512ABDB581}.Debug|Any CPU.Build.0 = Debug|Any CPU
		{34F12A84-E88E-447B-8EBD-B9512ABDB581}.Release|Any CPU.ActiveCfg = Release|Any CPU
		{34F12A84-E88E-447B-8EBD-B9512ABDB581}.Release|Any CPU.Build.0 = Release|Any CPU
	EndGlobalSection
	GlobalSection(SolutionProperties) = preSolution
		HideSolutionNode = FALSE
	EndGlobalSection
	GlobalSection(ExtensibilityGlobals) = postSolution
		SolutionGuid = {F7BEAB04-6C6F-4894-8DA8-32A2D8713213}
	EndGlobalSection
EndGlobal
